// !$*UTF8*$!
{
	archiveVersion = 1;
	classes = {
	};
	objectVersion = 55;
	objects = {

/* Begin PBXBuildFile section */
		C53800CC5EF72B46E3C5F4B1 /* Pods_Growlibb.framework in Frameworks */ = {isa = PBXBuildFile; fileRef = A969C7245C08379F008F5D0D /* Pods_Growlibb.framework */; };
		DA1D1DCB2912716C00878BA3 /* BaseViewController.swift in Sources */ = {isa = PBXBuildFile; fileRef = DA1D1DCA2912716C00878BA3 /* BaseViewController.swift */; };
		DA1D1DCD2912717700878BA3 /* BaseResponse.swift in Sources */ = {isa = PBXBuildFile; fileRef = DA1D1DCC2912717700878BA3 /* BaseResponse.swift */; };
		DA1D1DCF2912717E00878BA3 /* BaseViewModel.swift in Sources */ = {isa = PBXBuildFile; fileRef = DA1D1DCE2912717E00878BA3 /* BaseViewModel.swift */; };
		DA95BC2729116D8B003C81CE /* AppDelegate.swift in Sources */ = {isa = PBXBuildFile; fileRef = DA95BC2629116D8B003C81CE /* AppDelegate.swift */; };
		DA95BC2929116D8B003C81CE /* SceneDelegate.swift in Sources */ = {isa = PBXBuildFile; fileRef = DA95BC2829116D8B003C81CE /* SceneDelegate.swift */; };
		DA95BC2B29116D8B003C81CE /* ViewController.swift in Sources */ = {isa = PBXBuildFile; fileRef = DA95BC2A29116D8B003C81CE /* ViewController.swift */; };
		DA95BC2E29116D8B003C81CE /* Main.storyboard in Resources */ = {isa = PBXBuildFile; fileRef = DA95BC2C29116D8B003C81CE /* Main.storyboard */; };
		DA95BC3029116D8D003C81CE /* Assets.xcassets in Resources */ = {isa = PBXBuildFile; fileRef = DA95BC2F29116D8D003C81CE /* Assets.xcassets */; };
		DA95BC3329116D8D003C81CE /* LaunchScreen.storyboard in Resources */ = {isa = PBXBuildFile; fileRef = DA95BC3129116D8D003C81CE /* LaunchScreen.storyboard */; };
		DABB110829137C7700FC3FE7 /* UIColor+Zeplin.swift in Sources */ = {isa = PBXBuildFile; fileRef = DABB110729137C7700FC3FE7 /* UIColor+Zeplin.swift */; };
		DABB110A29137EA800FC3FE7 /* Font.swift in Sources */ = {isa = PBXBuildFile; fileRef = DABB110929137EA800FC3FE7 /* Font.swift */; };
		DAC86A8A2914046A006F54A1 /* GoogleService-Info.plist in Resources */ = {isa = PBXBuildFile; fileRef = DAC86A892914046A006F54A1 /* GoogleService-Info.plist */; };
/* End PBXBuildFile section */

/* Begin PBXFileReference section */
		A969C7245C08379F008F5D0D /* Pods_Growlibb.framework */ = {isa = PBXFileReference; explicitFileType = wrapper.framework; includeInIndex = 0; path = Pods_Growlibb.framework; sourceTree = BUILT_PRODUCTS_DIR; };
		BF92AEB49F3B69B4A8480E25 /* Pods-Growlibb.release.xcconfig */ = {isa = PBXFileReference; includeInIndex = 1; lastKnownFileType = text.xcconfig; name = "Pods-Growlibb.release.xcconfig"; path = "Target Support Files/Pods-Growlibb/Pods-Growlibb.release.xcconfig"; sourceTree = "<group>"; };
		DA1D1DCA2912716C00878BA3 /* BaseViewController.swift */ = {isa = PBXFileReference; lastKnownFileType = sourcecode.swift; path = BaseViewController.swift; sourceTree = "<group>"; };
		DA1D1DCC2912717700878BA3 /* BaseResponse.swift */ = {isa = PBXFileReference; lastKnownFileType = sourcecode.swift; path = BaseResponse.swift; sourceTree = "<group>"; };
		DA1D1DCE2912717E00878BA3 /* BaseViewModel.swift */ = {isa = PBXFileReference; lastKnownFileType = sourcecode.swift; path = BaseViewModel.swift; sourceTree = "<group>"; };
		DA95BC2329116D8B003C81CE /* Growlibb.app */ = {isa = PBXFileReference; explicitFileType = wrapper.application; includeInIndex = 0; path = Growlibb.app; sourceTree = BUILT_PRODUCTS_DIR; };
		DA95BC2629116D8B003C81CE /* AppDelegate.swift */ = {isa = PBXFileReference; lastKnownFileType = sourcecode.swift; path = AppDelegate.swift; sourceTree = "<group>"; };
		DA95BC2829116D8B003C81CE /* SceneDelegate.swift */ = {isa = PBXFileReference; lastKnownFileType = sourcecode.swift; path = SceneDelegate.swift; sourceTree = "<group>"; };
		DA95BC2A29116D8B003C81CE /* ViewController.swift */ = {isa = PBXFileReference; lastKnownFileType = sourcecode.swift; path = ViewController.swift; sourceTree = "<group>"; };
		DA95BC2D29116D8B003C81CE /* Base */ = {isa = PBXFileReference; lastKnownFileType = file.storyboard; name = Base; path = Base.lproj/Main.storyboard; sourceTree = "<group>"; };
		DA95BC2F29116D8D003C81CE /* Assets.xcassets */ = {isa = PBXFileReference; lastKnownFileType = folder.assetcatalog; path = Assets.xcassets; sourceTree = "<group>"; };
		DA95BC3229116D8D003C81CE /* Base */ = {isa = PBXFileReference; lastKnownFileType = file.storyboard; name = Base; path = Base.lproj/LaunchScreen.storyboard; sourceTree = "<group>"; };
		DA95BC3429116D8D003C81CE /* Info.plist */ = {isa = PBXFileReference; lastKnownFileType = text.plist.xml; path = Info.plist; sourceTree = "<group>"; };
		DABB110729137C7700FC3FE7 /* UIColor+Zeplin.swift */ = {isa = PBXFileReference; lastKnownFileType = sourcecode.swift; path = "UIColor+Zeplin.swift"; sourceTree = "<group>"; };
		DABB110929137EA800FC3FE7 /* Font.swift */ = {isa = PBXFileReference; lastKnownFileType = sourcecode.swift; path = Font.swift; sourceTree = "<group>"; };
		DAC86A892914046A006F54A1 /* GoogleService-Info.plist */ = {isa = PBXFileReference; fileEncoding = 4; lastKnownFileType = text.plist.xml; path = "GoogleService-Info.plist"; sourceTree = "<group>"; };
		DAC86A8E29140938006F54A1 /* Pretendard-Medium.otf */ = {isa = PBXFileReference; lastKnownFileType = file; path = "Pretendard-Medium.otf"; sourceTree = "<group>"; };
		DAC86A8F2914095E006F54A1 /* Pretendard-SemiBold.otf */ = {isa = PBXFileReference; lastKnownFileType = file; path = "Pretendard-SemiBold.otf"; sourceTree = "<group>"; };
		FDB437EF8E30514D5B9BDE94 /* Pods-Growlibb.debug.xcconfig */ = {isa = PBXFileReference; includeInIndex = 1; lastKnownFileType = text.xcconfig; name = "Pods-Growlibb.debug.xcconfig"; path = "Target Support Files/Pods-Growlibb/Pods-Growlibb.debug.xcconfig"; sourceTree = "<group>"; };
/* End PBXFileReference section */

/* Begin PBXFrameworksBuildPhase section */
		DA95BC2029116D8B003C81CE /* Frameworks */ = {
			isa = PBXFrameworksBuildPhase;
			buildActionMask = 2147483647;
			files = (
				C53800CC5EF72B46E3C5F4B1 /* Pods_Growlibb.framework in Frameworks */,
			);
			runOnlyForDeploymentPostprocessing = 0;
		};
/* End PBXFrameworksBuildPhase section */

/* Begin PBXGroup section */
		42123473655BFCB680309B1C /* Pods */ = {
			isa = PBXGroup;
			children = (
				FDB437EF8E30514D5B9BDE94 /* Pods-Growlibb.debug.xcconfig */,
				BF92AEB49F3B69B4A8480E25 /* Pods-Growlibb.release.xcconfig */,
			);
			path = Pods;
			sourceTree = "<group>";
		};
		A8EC250F6B3DB33DF764B101 /* Frameworks */ = {
			isa = PBXGroup;
			children = (
				A969C7245C08379F008F5D0D /* Pods_Growlibb.framework */,
			);
			name = Frameworks;
			sourceTree = "<group>";
		};
		DA95BC1A29116D8B003C81CE = {
			isa = PBXGroup;
			children = (
				DA95BC2529116D8B003C81CE /* Growlibb */,
				DA95BC2429116D8B003C81CE /* Products */,
				42123473655BFCB680309B1C /* Pods */,
				A8EC250F6B3DB33DF764B101 /* Frameworks */,
			);
			sourceTree = "<group>";
		};
		DA95BC2429116D8B003C81CE /* Products */ = {
			isa = PBXGroup;
			children = (
				DA95BC2329116D8B003C81CE /* Growlibb.app */,
			);
			name = Products;
			sourceTree = "<group>";
		};
		DA95BC2529116D8B003C81CE /* Growlibb */ = {
			isa = PBXGroup;
			children = (
				DA95BC3429116D8D003C81CE /* Info.plist */,
				DAC86A892914046A006F54A1 /* GoogleService-Info.plist */,
				DA95BC2629116D8B003C81CE /* AppDelegate.swift */,
				DA95BC2829116D8B003C81CE /* SceneDelegate.swift */,
				DA95BC3A29116D9F003C81CE /* Ignore */,
				DA95BC3B29116DA4003C81CE /* Sources */,
				DA95BC3C29116DAA003C81CE /* Resources */,
				DA95BC2A29116D8B003C81CE /* ViewController.swift */,
				DA95BC2C29116D8B003C81CE /* Main.storyboard */,
				DA95BC3129116D8D003C81CE /* LaunchScreen.storyboard */,
			);
			path = Growlibb;
			sourceTree = "<group>";
		};
		DA95BC3A29116D9F003C81CE /* Ignore */ = {
			isa = PBXGroup;
			children = (
			);
			path = Ignore;
			sourceTree = "<group>";
		};
		DA95BC3B29116DA4003C81CE /* Sources */ = {
			isa = PBXGroup;
			children = (
				DAC86A8D2914052D006F54A1 /* Login */,
				DAC86A8C29140522006F54A1 /* Tutorial */,
				DAC86A8B29140514006F54A1 /* Utils */,
				DA95BC3D29116DB5003C81CE /* Base */,
			);
			path = Sources;
			sourceTree = "<group>";
		};
		DA95BC3C29116DAA003C81CE /* Resources */ = {
			isa = PBXGroup;
			children = (
				DABB110B29137EEB00FC3FE7 /* Font */,
				DA95BC2F29116D8D003C81CE /* Assets.xcassets */,
				DABB110729137C7700FC3FE7 /* UIColor+Zeplin.swift */,
				DABB110929137EA800FC3FE7 /* Font.swift */,
			);
			path = Resources;
			sourceTree = "<group>";
		};
		DA95BC3D29116DB5003C81CE /* Base */ = {
			isa = PBXGroup;
			children = (
				DA1D1DCA2912716C00878BA3 /* BaseViewController.swift */,
				DA1D1DCC2912717700878BA3 /* BaseResponse.swift */,
				DA1D1DCE2912717E00878BA3 /* BaseViewModel.swift */,
			);
			path = Base;
			sourceTree = "<group>";
		};
		DABB110B29137EEB00FC3FE7 /* Font */ = {
			isa = PBXGroup;
			children = (
				DAC86A8F2914095E006F54A1 /* Pretendard-SemiBold.otf */,
				DAC86A8E29140938006F54A1 /* Pretendard-Medium.otf */,
			);
			path = Font;
			sourceTree = "<group>";
		};
		DAC86A8B29140514006F54A1 /* Utils */ = {
			isa = PBXGroup;
			children = (
			);
			path = Utils;
			sourceTree = "<group>";
		};
		DAC86A8C29140522006F54A1 /* Tutorial */ = {
			isa = PBXGroup;
			children = (
			);
			path = Tutorial;
			sourceTree = "<group>";
		};
		DAC86A8D2914052D006F54A1 /* Login */ = {
			isa = PBXGroup;
			children = (
			);
			path = Login;
			sourceTree = "<group>";
		};
/* End PBXGroup section */

/* Begin PBXNativeTarget section */
		DA95BC2229116D8B003C81CE /* Growlibb */ = {
			isa = PBXNativeTarget;
			buildConfigurationList = DA95BC3729116D8D003C81CE /* Build configuration list for PBXNativeTarget "Growlibb" */;
			buildPhases = (
				D6134305AA263FBDF86B188C /* [CP] Check Pods Manifest.lock */,
				DA95BC1F29116D8B003C81CE /* Sources */,
				DA95BC2029116D8B003C81CE /* Frameworks */,
				DA95BC2129116D8B003C81CE /* Resources */,
				6AE4EF7C3A58B5A062AF396E /* [CP] Embed Pods Frameworks */,
			);
			buildRules = (
			);
			dependencies = (
			);
			name = Growlibb;
			productName = Growlibb;
			productReference = DA95BC2329116D8B003C81CE /* Growlibb.app */;
			productType = "com.apple.product-type.application";
		};
/* End PBXNativeTarget section */

/* Begin PBXProject section */
		DA95BC1B29116D8B003C81CE /* Project object */ = {
			isa = PBXProject;
			attributes = {
				BuildIndependentTargetsInParallel = 1;
				LastSwiftUpdateCheck = 1400;
				LastUpgradeCheck = 1400;
				TargetAttributes = {
					DA95BC2229116D8B003C81CE = {
						CreatedOnToolsVersion = 14.0;
					};
				};
			};
			buildConfigurationList = DA95BC1E29116D8B003C81CE /* Build configuration list for PBXProject "Growlibb" */;
			compatibilityVersion = "Xcode 13.0";
			developmentRegion = en;
			hasScannedForEncodings = 0;
			knownRegions = (
				en,
				Base,
			);
			mainGroup = DA95BC1A29116D8B003C81CE;
			productRefGroup = DA95BC2429116D8B003C81CE /* Products */;
			projectDirPath = "";
			projectRoot = "";
			targets = (
				DA95BC2229116D8B003C81CE /* Growlibb */,
			);
		};
/* End PBXProject section */

/* Begin PBXResourcesBuildPhase section */
		DA95BC2129116D8B003C81CE /* Resources */ = {
			isa = PBXResourcesBuildPhase;
			buildActionMask = 2147483647;
			files = (
				DAC86A8A2914046A006F54A1 /* GoogleService-Info.plist in Resources */,
				DA95BC3329116D8D003C81CE /* LaunchScreen.storyboard in Resources */,
				DA95BC3029116D8D003C81CE /* Assets.xcassets in Resources */,
				DA95BC2E29116D8B003C81CE /* Main.storyboard in Resources */,
			);
			runOnlyForDeploymentPostprocessing = 0;
		};
/* End PBXResourcesBuildPhase section */

/* Begin PBXShellScriptBuildPhase section */
		6AE4EF7C3A58B5A062AF396E /* [CP] Embed Pods Frameworks */ = {
			isa = PBXShellScriptBuildPhase;
			buildActionMask = 2147483647;
			files = (
			);
			inputFileListPaths = (
				"${PODS_ROOT}/Target Support Files/Pods-Growlibb/Pods-Growlibb-frameworks-${CONFIGURATION}-input-files.xcfilelist",
			);
			name = "[CP] Embed Pods Frameworks";
			outputFileListPaths = (
				"${PODS_ROOT}/Target Support Files/Pods-Growlibb/Pods-Growlibb-frameworks-${CONFIGURATION}-output-files.xcfilelist",
			);
			runOnlyForDeploymentPostprocessing = 0;
			shellPath = /bin/sh;
			shellScript = "\"${PODS_ROOT}/Target Support Files/Pods-Growlibb/Pods-Growlibb-frameworks.sh\"\n";
			showEnvVarsInLog = 0;
		};
		D6134305AA263FBDF86B188C /* [CP] Check Pods Manifest.lock */ = {
			isa = PBXShellScriptBuildPhase;
			buildActionMask = 2147483647;
			files = (
			);
			inputFileListPaths = (
			);
			inputPaths = (
				"${PODS_PODFILE_DIR_PATH}/Podfile.lock",
				"${PODS_ROOT}/Manifest.lock",
			);
			name = "[CP] Check Pods Manifest.lock";
			outputFileListPaths = (
			);
			outputPaths = (
				"$(DERIVED_FILE_DIR)/Pods-Growlibb-checkManifestLockResult.txt",
			);
			runOnlyForDeploymentPostprocessing = 0;
			shellPath = /bin/sh;
			shellScript = "diff \"${PODS_PODFILE_DIR_PATH}/Podfile.lock\" \"${PODS_ROOT}/Manifest.lock\" > /dev/null\nif [ $? != 0 ] ; then\n    # print error to STDERR\n    echo \"error: The sandbox is not in sync with the Podfile.lock. Run 'pod install' or update your CocoaPods installation.\" >&2\n    exit 1\nfi\n# This output is used by Xcode 'outputs' to avoid re-running this script phase.\necho \"SUCCESS\" > \"${SCRIPT_OUTPUT_FILE_0}\"\n";
			showEnvVarsInLog = 0;
		};
/* End PBXShellScriptBuildPhase section */

/* Begin PBXSourcesBuildPhase section */
		DA95BC1F29116D8B003C81CE /* Sources */ = {
			isa = PBXSourcesBuildPhase;
			buildActionMask = 2147483647;
			files = (
				DA1D1DCD2912717700878BA3 /* BaseResponse.swift in Sources */,
				DABB110829137C7700FC3FE7 /* UIColor+Zeplin.swift in Sources */,
				DA95BC2B29116D8B003C81CE /* ViewController.swift in Sources */,
				DA1D1DCB2912716C00878BA3 /* BaseViewController.swift in Sources */,
				DABB110A29137EA800FC3FE7 /* Font.swift in Sources */,
				DA95BC2729116D8B003C81CE /* AppDelegate.swift in Sources */,
				DA95BC2929116D8B003C81CE /* SceneDelegate.swift in Sources */,
				DA1D1DCF2912717E00878BA3 /* BaseViewModel.swift in Sources */,
			);
			runOnlyForDeploymentPostprocessing = 0;
		};
/* End PBXSourcesBuildPhase section */

/* Begin PBXVariantGroup section */
		DA95BC2C29116D8B003C81CE /* Main.storyboard */ = {
			isa = PBXVariantGroup;
			children = (
				DA95BC2D29116D8B003C81CE /* Base */,
			);
			name = Main.storyboard;
			sourceTree = "<group>";
		};
		DA95BC3129116D8D003C81CE /* LaunchScreen.storyboard */ = {
			isa = PBXVariantGroup;
			children = (
				DA95BC3229116D8D003C81CE /* Base */,
			);
			name = LaunchScreen.storyboard;
			sourceTree = "<group>";
		};
/* End PBXVariantGroup section */

/* Begin XCBuildConfiguration section */
		DA95BC3529116D8D003C81CE /* Debug */ = {
			isa = XCBuildConfiguration;
			buildSettings = {
				ALWAYS_SEARCH_USER_PATHS = NO;
				CLANG_ANALYZER_NONNULL = YES;
				CLANG_ANALYZER_NUMBER_OBJECT_CONVERSION = YES_AGGRESSIVE;
				CLANG_CXX_LANGUAGE_STANDARD = "gnu++20";
				CLANG_ENABLE_MODULES = YES;
				CLANG_ENABLE_OBJC_ARC = YES;
				CLANG_ENABLE_OBJC_WEAK = YES;
				CLANG_WARN_BLOCK_CAPTURE_AUTORELEASING = YES;
				CLANG_WARN_BOOL_CONVERSION = YES;
				CLANG_WARN_COMMA = YES;
				CLANG_WARN_CONSTANT_CONVERSION = YES;
				CLANG_WARN_DEPRECATED_OBJC_IMPLEMENTATIONS = YES;
				CLANG_WARN_DIRECT_OBJC_ISA_USAGE = YES_ERROR;
				CLANG_WARN_DOCUMENTATION_COMMENTS = YES;
				CLANG_WARN_EMPTY_BODY = YES;
				CLANG_WARN_ENUM_CONVERSION = YES;
				CLANG_WARN_INFINITE_RECURSION = YES;
				CLANG_WARN_INT_CONVERSION = YES;
				CLANG_WARN_NON_LITERAL_NULL_CONVERSION = YES;
				CLANG_WARN_OBJC_IMPLICIT_RETAIN_SELF = YES;
				CLANG_WARN_OBJC_LITERAL_CONVERSION = YES;
				CLANG_WARN_OBJC_ROOT_CLASS = YES_ERROR;
				CLANG_WARN_QUOTED_INCLUDE_IN_FRAMEWORK_HEADER = YES;
				CLANG_WARN_RANGE_LOOP_ANALYSIS = YES;
				CLANG_WARN_STRICT_PROTOTYPES = YES;
				CLANG_WARN_SUSPICIOUS_MOVE = YES;
				CLANG_WARN_UNGUARDED_AVAILABILITY = YES_AGGRESSIVE;
				CLANG_WARN_UNREACHABLE_CODE = YES;
				CLANG_WARN__DUPLICATE_METHOD_MATCH = YES;
				COPY_PHASE_STRIP = NO;
				DEBUG_INFORMATION_FORMAT = dwarf;
				ENABLE_STRICT_OBJC_MSGSEND = YES;
				ENABLE_TESTABILITY = YES;
				GCC_C_LANGUAGE_STANDARD = gnu11;
				GCC_DYNAMIC_NO_PIC = NO;
				GCC_NO_COMMON_BLOCKS = YES;
				GCC_OPTIMIZATION_LEVEL = 0;
				GCC_PREPROCESSOR_DEFINITIONS = (
					"DEBUG=1",
					"$(inherited)",
				);
				GCC_WARN_64_TO_32_BIT_CONVERSION = YES;
				GCC_WARN_ABOUT_RETURN_TYPE = YES_ERROR;
				GCC_WARN_UNDECLARED_SELECTOR = YES;
				GCC_WARN_UNINITIALIZED_AUTOS = YES_AGGRESSIVE;
				GCC_WARN_UNUSED_FUNCTION = YES;
				GCC_WARN_UNUSED_VARIABLE = YES;
				IPHONEOS_DEPLOYMENT_TARGET = 16.0;
				MTL_ENABLE_DEBUG_INFO = INCLUDE_SOURCE;
				MTL_FAST_MATH = YES;
				ONLY_ACTIVE_ARCH = YES;
				SDKROOT = iphoneos;
				SWIFT_ACTIVE_COMPILATION_CONDITIONS = DEBUG;
				SWIFT_OPTIMIZATION_LEVEL = "-Onone";
			};
			name = Debug;
		};
		DA95BC3629116D8D003C81CE /* Release */ = {
			isa = XCBuildConfiguration;
			buildSettings = {
				ALWAYS_SEARCH_USER_PATHS = NO;
				CLANG_ANALYZER_NONNULL = YES;
				CLANG_ANALYZER_NUMBER_OBJECT_CONVERSION = YES_AGGRESSIVE;
				CLANG_CXX_LANGUAGE_STANDARD = "gnu++20";
				CLANG_ENABLE_MODULES = YES;
				CLANG_ENABLE_OBJC_ARC = YES;
				CLANG_ENABLE_OBJC_WEAK = YES;
				CLANG_WARN_BLOCK_CAPTURE_AUTORELEASING = YES;
				CLANG_WARN_BOOL_CONVERSION = YES;
				CLANG_WARN_COMMA = YES;
				CLANG_WARN_CONSTANT_CONVERSION = YES;
				CLANG_WARN_DEPRECATED_OBJC_IMPLEMENTATIONS = YES;
				CLANG_WARN_DIRECT_OBJC_ISA_USAGE = YES_ERROR;
				CLANG_WARN_DOCUMENTATION_COMMENTS = YES;
				CLANG_WARN_EMPTY_BODY = YES;
				CLANG_WARN_ENUM_CONVERSION = YES;
				CLANG_WARN_INFINITE_RECURSION = YES;
				CLANG_WARN_INT_CONVERSION = YES;
				CLANG_WARN_NON_LITERAL_NULL_CONVERSION = YES;
				CLANG_WARN_OBJC_IMPLICIT_RETAIN_SELF = YES;
				CLANG_WARN_OBJC_LITERAL_CONVERSION = YES;
				CLANG_WARN_OBJC_ROOT_CLASS = YES_ERROR;
				CLANG_WARN_QUOTED_INCLUDE_IN_FRAMEWORK_HEADER = YES;
				CLANG_WARN_RANGE_LOOP_ANALYSIS = YES;
				CLANG_WARN_STRICT_PROTOTYPES = YES;
				CLANG_WARN_SUSPICIOUS_MOVE = YES;
				CLANG_WARN_UNGUARDED_AVAILABILITY = YES_AGGRESSIVE;
				CLANG_WARN_UNREACHABLE_CODE = YES;
				CLANG_WARN__DUPLICATE_METHOD_MATCH = YES;
				COPY_PHASE_STRIP = NO;
				DEBUG_INFORMATION_FORMAT = "dwarf-with-dsym";
				ENABLE_NS_ASSERTIONS = NO;
				ENABLE_STRICT_OBJC_MSGSEND = YES;
				GCC_C_LANGUAGE_STANDARD = gnu11;
				GCC_NO_COMMON_BLOCKS = YES;
				GCC_WARN_64_TO_32_BIT_CONVERSION = YES;
				GCC_WARN_ABOUT_RETURN_TYPE = YES_ERROR;
				GCC_WARN_UNDECLARED_SELECTOR = YES;
				GCC_WARN_UNINITIALIZED_AUTOS = YES_AGGRESSIVE;
				GCC_WARN_UNUSED_FUNCTION = YES;
				GCC_WARN_UNUSED_VARIABLE = YES;
				IPHONEOS_DEPLOYMENT_TARGET = 16.0;
				MTL_ENABLE_DEBUG_INFO = NO;
				MTL_FAST_MATH = YES;
				SDKROOT = iphoneos;
				SWIFT_COMPILATION_MODE = wholemodule;
				SWIFT_OPTIMIZATION_LEVEL = "-O";
				VALIDATE_PRODUCT = YES;
			};
			name = Release;
		};
		DA95BC3829116D8D003C81CE /* Debug */ = {
			isa = XCBuildConfiguration;
			baseConfigurationReference = FDB437EF8E30514D5B9BDE94 /* Pods-Growlibb.debug.xcconfig */;
			buildSettings = {
				ASSETCATALOG_COMPILER_APPICON_NAME = AppIcon;
				ASSETCATALOG_COMPILER_GLOBAL_ACCENT_COLOR_NAME = AccentColor;
				CODE_SIGN_STYLE = Automatic;
				CURRENT_PROJECT_VERSION = 1;
				DEVELOPMENT_TEAM = T9N7L92856;
				GENERATE_INFOPLIST_FILE = YES;
				INFOPLIST_FILE = Growlibb/Info.plist;
				INFOPLIST_KEY_CFBundleDisplayName = "그로우립";
				INFOPLIST_KEY_UIApplicationSupportsIndirectInputEvents = YES;
				INFOPLIST_KEY_UILaunchStoryboardName = LaunchScreen.storyboard;
				INFOPLIST_KEY_UIMainStoryboardFile = Main;
				INFOPLIST_KEY_UIRequiresFullScreen = NO;
				INFOPLIST_KEY_UIStatusBarStyle = UIStatusBarStyleDarkContent;
				INFOPLIST_KEY_UISupportedInterfaceOrientations = UIInterfaceOrientationPortrait;
				IPHONEOS_DEPLOYMENT_TARGET = 14.0;
				LD_RUNPATH_SEARCH_PATHS = (
					"$(inherited)",
					"@executable_path/Frameworks",
				);
				MARKETING_VERSION = 1.0;
				PRODUCT_BUNDLE_IDENTIFIER = "com.nangman-gorae.Growlibb";
				PRODUCT_NAME = "$(TARGET_NAME)";
				SUPPORTED_PLATFORMS = "iphoneos iphonesimulator";
				SUPPORTS_MACCATALYST = NO;
				SUPPORTS_MAC_DESIGNED_FOR_IPHONE_IPAD = YES;
				SWIFT_EMIT_LOC_STRINGS = YES;
				SWIFT_VERSION = 5.0;
				TARGETED_DEVICE_FAMILY = 1;
			};
			name = Debug;
		};
		DA95BC3929116D8D003C81CE /* Release */ = {
			isa = XCBuildConfiguration;
			baseConfigurationReference = BF92AEB49F3B69B4A8480E25 /* Pods-Growlibb.release.xcconfig */;
			buildSettings = {
				ASSETCATALOG_COMPILER_APPICON_NAME = AppIcon;
				ASSETCATALOG_COMPILER_GLOBAL_ACCENT_COLOR_NAME = AccentColor;
				CODE_SIGN_STYLE = Automatic;
				CURRENT_PROJECT_VERSION = 1;
				DEVELOPMENT_TEAM = T9N7L92856;
				GENERATE_INFOPLIST_FILE = YES;
				INFOPLIST_FILE = Growlibb/Info.plist;
				INFOPLIST_KEY_CFBundleDisplayName = "그로우립";
				INFOPLIST_KEY_UIApplicationSupportsIndirectInputEvents = YES;
				INFOPLIST_KEY_UILaunchStoryboardName = LaunchScreen.storyboard;
				INFOPLIST_KEY_UIMainStoryboardFile = Main;
				INFOPLIST_KEY_UIRequiresFullScreen = NO;
				INFOPLIST_KEY_UIStatusBarStyle = UIStatusBarStyleDarkContent;
				INFOPLIST_KEY_UISupportedInterfaceOrientations = UIInterfaceOrientationPortrait;
				IPHONEOS_DEPLOYMENT_TARGET = 14.0;
				LD_RUNPATH_SEARCH_PATHS = (
					"$(inherited)",
					"@executable_path/Frameworks",
				);
				MARKETING_VERSION = 1.0;
				PRODUCT_BUNDLE_IDENTIFIER = "com.nangman-gorae.Growlibb";
				PRODUCT_NAME = "$(TARGET_NAME)";
				SUPPORTED_PLATFORMS = "iphoneos iphonesimulator";
				SUPPORTS_MACCATALYST = NO;
				SUPPORTS_MAC_DESIGNED_FOR_IPHONE_IPAD = YES;
				SWIFT_EMIT_LOC_STRINGS = YES;
				SWIFT_VERSION = 5.0;
				TARGETED_DEVICE_FAMILY = 1;
			};
			name = Release;
		};
/* End XCBuildConfiguration section */

/* Begin XCConfigurationList section */
		DA95BC1E29116D8B003C81CE /* Build configuration list for PBXProject "Growlibb" */ = {
			isa = XCConfigurationList;
			buildConfigurations = (
				DA95BC3529116D8D003C81CE /* Debug */,
				DA95BC3629116D8D003C81CE /* Release */,
			);
			defaultConfigurationIsVisible = 0;
			defaultConfigurationName = Release;
		};
		DA95BC3729116D8D003C81CE /* Build configuration list for PBXNativeTarget "Growlibb" */ = {
			isa = XCConfigurationList;
			buildConfigurations = (
				DA95BC3829116D8D003C81CE /* Debug */,
				DA95BC3929116D8D003C81CE /* Release */,
			);
			defaultConfigurationIsVisible = 0;
			defaultConfigurationName = Release;
		};
/* End XCConfigurationList section */
	};
	rootObject = DA95BC1B29116D8B003C81CE /* Project object */;
}
